{
  "object": {
    "pins": [
      {
        "package": "Pages",
        "repositoryURL": "https://github.com/youstra/Pages",
        "state": {
          "branch": "patch-1",
          "revision": "2e5a414f65de6d57301cba27dd670bd3dfe13c35",
          "version": null
        }
      }
    ]
  },
  "version": 1
}
